
Microsoft Visual Studio Solution File, Format Version 12.00
# Visual Studio Version 16
VisualStudioVersion = 16.0.29905.134
MinimumVisualStudioVersion = 10.0.40219.1
Project("{FAE04EC0-301F-11D3-BF4B-00C04F79EFBC}") = "XamarinNetCore.Android", "XamarinNetCore\XamarinNetCore.Android\XamarinNetCore.Android.csproj", "{B66AA924-7DDD-4D27-BE64-DD6C79208AB8}"
EndProject
Project("{FAE04EC0-301F-11D3-BF4B-00C04F79EFBC}") = "XamarinNetCore.iOS", "XamarinNetCore\XamarinNetCore.iOS\XamarinNetCore.iOS.csproj", "{195F147B-395B-42A2-8B0A-8B95092E8488}"
EndProject
Project("{FAE04EC0-301F-11D3-BF4B-00C04F79EFBC}") = "XamarinNetCore", "XamarinNetCore\XamarinNetCore\XamarinNetCore.csproj", "{429E29A2-9B7F-4101-A49A-0A248A2DDD25}"
EndProject
Global
	GlobalSection(SolutionConfigurationPlatforms) = preSolution
		Debug|Any CPU = Debug|Any CPU
		Debug|iPhone = Debug|iPhone
		Debug|iPhoneSimulator = Debug|iPhoneSimulator
		Release|Any CPU = Release|Any CPU
		Release|iPhone = Release|iPhone
		Release|iPhoneSimulator = Release|iPhoneSimulator
	EndGlobalSection
	GlobalSection(ProjectConfigurationPlatforms) = postSolution
		{B66AA924-7DDD-4D27-BE64-DD6C79208AB8}.Debug|Any CPU.ActiveCfg = Debug|Any CPU
		{B66AA924-7DDD-4D27-BE64-DD6C79208AB8}.Debug|Any CPU.Build.0 = Debug|Any CPU
		{B66AA924-7DDD-4D27-BE64-DD6C79208AB8}.Debug|Any CPU.Deploy.0 = Debug|Any CPU
		{B66AA924-7DDD-4D27-BE64-DD6C79208AB8}.Debug|iPhone.ActiveCfg = Debug|Any CPU
		{B66AA924-7DDD-4D27-BE64-DD6C79208AB8}.Debug|iPhone.Build.0 = Debug|Any CPU
		{B66AA924-7DDD-4D27-BE64-DD6C79208AB8}.Debug|iPhone.Deploy.0 = Debug|Any CPU
		{B66AA924-7DDD-4D27-BE64-DD6C79208AB8}.Debug|iPhoneSimulator.ActiveCfg = Debug|Any CPU
		{B66AA924-7DDD-4D27-BE64-DD6C79208AB8}.Debug|iPhoneSimulator.Build.0 = Debug|Any CPU
		{B66AA924-7DDD-4D27-BE64-DD6C79208AB8}.Debug|iPhoneSimulator.Deploy.0 = Debug|Any CPU
		{B66AA924-7DDD-4D27-BE64-DD6C79208AB8}.Release|Any CPU.ActiveCfg = Release|Any CPU
		{B66AA924-7DDD-4D27-BE64-DD6C79208AB8}.Release|Any CPU.Build.0 = Release|Any CPU
		{B66AA924-7DDD-4D27-BE64-DD6C79208AB8}.Release|Any CPU.Deploy.0 = Release|Any CPU
		{B66AA924-7DDD-4D27-BE64-DD6C79208AB8}.Release|iPhone.ActiveCfg = Release|Any CPU
		{B66AA924-7DDD-4D27-BE64-DD6C79208AB8}.Release|iPhone.Build.0 = Release|Any CPU
		{B66AA924-7DDD-4D27-BE64-DD6C79208AB8}.Release|iPhone.Deploy.0 = Release|Any CPU
		{B66AA924-7DDD-4D27-BE64-DD6C79208AB8}.Release|iPhoneSimulator.ActiveCfg = Release|Any CPU
		{B66AA924-7DDD-4D27-BE64-DD6C79208AB8}.Release|iPhoneSimulator.Build.0 = Release|Any CPU
		{B66AA924-7DDD-4D27-BE64-DD6C79208AB8}.Release|iPhoneSimulator.Deploy.0 = Release|Any CPU
		{195F147B-395B-42A2-8B0A-8B95092E8488}.Debug|Any CPU.ActiveCfg = Debug|iPhoneSimulator
		{195F147B-395B-42A2-8B0A-8B95092E8488}.Debug|Any CPU.Build.0 = Debug|iPhoneSimulator
		{195F147B-395B-42A2-8B0A-8B95092E8488}.Debug|Any CPU.Deploy.0 = Debug|iPhoneSimulator
		{195F147B-395B-42A2-8B0A-8B95092E8488}.Debug|iPhone.ActiveCfg = Debug|iPhone
		{195F147B-395B-42A2-8B0A-8B95092E8488}.Debug|iPhone.Build.0 = Debug|iPhone
		{195F147B-395B-42A2-8B0A-8B95092E8488}.Debug|iPhone.Deploy.0 = Debug|iPhone
		{195F147B-395B-42A2-8B0A-8B95092E8488}.Debug|iPhoneSimulator.ActiveCfg = Debug|iPhoneSimulator
		{195F147B-395B-42A2-8B0A-8B95092E8488}.Debug|iPhoneSimulator.Build.0 = Debug|iPhoneSimulator
		{195F147B-395B-42A2-8B0A-8B95092E8488}.Debug|iPhoneSimulator.Deploy.0 = Debug|iPhoneSimulator
		{195F147B-395B-42A2-8B0A-8B95092E8488}.Release|Any CPU.ActiveCfg = Release|iPhone
		{195F147B-395B-42A2-8B0A-8B95092E8488}.Release|Any CPU.Build.0 = Release|iPhone
		{195F147B-395B-42A2-8B0A-8B95092E8488}.Release|Any CPU.Deploy.0 = Release|iPhone
		{195F147B-395B-42A2-8B0A-8B95092E8488}.Release|iPhone.ActiveCfg = Release|iPhone
		{195F147B-395B-42A2-8B0A-8B95092E8488}.Release|iPhone.Build.0 = Release|iPhone
		{195F147B-395B-42A2-8B0A-8B95092E8488}.Release|iPhone.Deploy.0 = Release|iPhone
		{195F147B-395B-42A2-8B0A-8B95092E8488}.Release|iPhoneSimulator.ActiveCfg = Release|iPhoneSimulator
		{195F147B-395B-42A2-8B0A-8B95092E8488}.Release|iPhoneSimulator.Build.0 = Release|iPhoneSimulator
		{195F147B-395B-42A2-8B0A-8B95092E8488}.Release|iPhoneSimulator.Deploy.0 = Release|iPhoneSimulator
		{429E29A2-9B7F-4101-A49A-0A248A2DDD25}.Debug|Any CPU.ActiveCfg = Debug|Any CPU
		{429E29A2-9B7F-4101-A49A-0A248A2DDD25}.Debug|Any CPU.Build.0 = Debug|Any CPU
		{429E29A2-9B7F-4101-A49A-0A248A2DDD25}.Debug|Any CPU.Deploy.0 = Debug|Any CPU
		{429E29A2-9B7F-4101-A49A-0A248A2DDD25}.Debug|iPhone.ActiveCfg = Debug|Any CPU
		{429E29A2-9B7F-4101-A49A-0A248A2DDD25}.Debug|iPhone.Build.0 = Debug|Any CPU
		{429E29A2-9B7F-4101-A49A-0A248A2DDD25}.Debug|iPhone.Deploy.0 = Debug|Any CPU
		{429E29A2-9B7F-4101-A49A-0A248A2DDD25}.Debug|iPhoneSimulator.ActiveCfg = Debug|Any CPU
		{429E29A2-9B7F-4101-A49A-0A248A2DDD25}.Debug|iPhoneSimulator.Build.0 = Debug|Any CPU
		{429E29A2-9B7F-4101-A49A-0A248A2DDD25}.Debug|iPhoneSimulator.Deploy.0 = Debug|Any CPU
		{429E29A2-9B7F-4101-A49A-0A248A2DDD25}.Release|Any CPU.ActiveCfg = Release|Any CPU
		{429E29A2-9B7F-4101-A49A-0A248A2DDD25}.Release|Any CPU.Build.0 = Release|Any CPU
		{429E29A2-9B7F-4101-A49A-0A248A2DDD25}.Release|Any CPU.Deploy.0 = Release|Any CPU
		{429E29A2-9B7F-4101-A49A-0A248A2DDD25}.Release|iPhone.ActiveCfg = Release|Any CPU
		{429E29A2-9B7F-4101-A49A-0A248A2DDD25}.Release|iPhone.Build.0 = Release|Any CPU
		{429E29A2-9B7F-4101-A49A-0A248A2DDD25}.Release|iPhone.Deploy.0 = Release|Any CPU
		{429E29A2-9B7F-4101-A49A-0A248A2DDD25}.Release|iPhoneSimulator.ActiveCfg = Release|Any CPU
		{429E29A2-9B7F-4101-A49A-0A248A2DDD25}.Release|iPhoneSimulator.Build.0 = Release|Any CPU
		{429E29A2-9B7F-4101-A49A-0A248A2DDD25}.Release|iPhoneSimulator.Deploy.0 = Release|Any CPU
	EndGlobalSection
	GlobalSection(SolutionProperties) = preSolution
		HideSolutionNode = FALSE
	EndGlobalSection
	GlobalSection(ExtensibilityGlobals) = postSolution
		SolutionGuid = {8DCDF170-C012-4AC2-B5AF-499C7082917C}
	EndGlobalSection
EndGlobal
